
Microsoft Visual Studio Solution File, Format Version 12.00
# Visual Studio 15
VisualStudioVersion = 15.0.28307.102
MinimumVisualStudioVersion = 10.0.40219.1
Project("{FAE04EC0-301F-11D3-BF4B-00C04F79EFBC}") = "Trunk", "Trunk\Trunk.csproj", "{242CA0A9-EB34-4AE7-AF48-C15801A61820}"
EndProject
Global
	GlobalSection(SolutionConfigurationPlatforms) = preSolution
		Debug|Any CPU = Debug|Any CPU
		Release|Any CPU = Release|Any CPU
	EndGlobalSection
	GlobalSection(ProjectConfigurationPlatforms) = postSolution
		{242CA0A9-EB34-4AE7-AF48-C15801A61820}.Debug|Any CPU.ActiveCfg = Debug|Any CPU
		{242CA0A9-EB34-4AE7-AF48-C15801A61820}.Debug|Any CPU.Build.0 = Debug|Any CPU
		{242CA0A9-EB34-4AE7-AF48-C15801A61820}.Release|Any CPU.ActiveCfg = Release|Any CPU
		{242CA0A9-EB34-4AE7-AF48-C15801A61820}.Release|Any CPU.Build.0 = Release|Any CPU
	EndGlobalSection
	GlobalSection(SolutionProperties) = preSolution
		HideSolutionNode = FALSE
	EndGlobalSection
	GlobalSection(ExtensibilityGlobals) = postSolution
		SolutionGuid = {4C081B3B-E318-4C20-A620-AD1B61FE936B}
	EndGlobalSection
EndGlobal
